
Microsoft Visual Studio Solution File, Format Version 12.00
# Visual Studio Version 16
VisualStudioVersion = 16.0.30907.101
MinimumVisualStudioVersion = 10.0.40219.1
Project("{FAE04EC0-301F-11D3-BF4B-00C04F79EFBC}") = "TP1", "TP1.csproj", "{C9AF428F-E7D5-4E41-A727-1AE17F8A06AC}"
EndProject
Project("{FAE04EC0-301F-11D3-BF4B-00C04F79EFBC}") = "ConsoleApp1", "..\..\EnvironnementDotNetEPSIB32021\ConsoleApp1\ConsoleApp1.csproj", "{3448863E-27F3-45F2-845F-12BF89804EAA}"
EndProject
Global
	GlobalSection(SolutionConfigurationPlatforms) = preSolution
		Debug|Any CPU = Debug|Any CPU
		Release|Any CPU = Release|Any CPU
	EndGlobalSection
	GlobalSection(ProjectConfigurationPlatforms) = postSolution
		{C9AF428F-E7D5-4E41-A727-1AE17F8A06AC}.Debug|Any CPU.ActiveCfg = Debug|Any CPU
		{C9AF428F-E7D5-4E41-A727-1AE17F8A06AC}.Debug|Any CPU.Build.0 = Debug|Any CPU
		{C9AF428F-E7D5-4E41-A727-1AE17F8A06AC}.Release|Any CPU.ActiveCfg = Release|Any CPU
		{C9AF428F-E7D5-4E41-A727-1AE17F8A06AC}.Release|Any CPU.Build.0 = Release|Any CPU
		{3448863E-27F3-45F2-845F-12BF89804EAA}.Debug|Any CPU.ActiveCfg = Debug|Any CPU
		{3448863E-27F3-45F2-845F-12BF89804EAA}.Debug|Any CPU.Build.0 = Debug|Any CPU
		{3448863E-27F3-45F2-845F-12BF89804EAA}.Release|Any CPU.ActiveCfg = Release|Any CPU
		{3448863E-27F3-45F2-845F-12BF89804EAA}.Release|Any CPU.Build.0 = Release|Any CPU
	EndGlobalSection
	GlobalSection(SolutionProperties) = preSolution
		HideSolutionNode = FALSE
	EndGlobalSection
	GlobalSection(ExtensibilityGlobals) = postSolution
		SolutionGuid = {ECE7DACC-5B2C-41F7-BC55-6D42F5F4D5B3}
	EndGlobalSection
EndGlobal
